
Microsoft Visual Studio Solution File, Format Version 12.00
# Visual Studio Version 17
VisualStudioVersion = 17.14.36221.1 d17.14
MinimumVisualStudioVersion = 10.0.40219.1
Project("{FAE04EC0-301F-11D3-BF4B-00C04F79EFBC}") = "PessoasAPI", "PessoasAPI\PessoasAPI.csproj", "{DE39262E-F245-40EC-A055-4DF98C3E3071}"
EndProject
Global
	GlobalSection(SolutionConfigurationPlatforms) = preSolution
		Debug|Any CPU = Debug|Any CPU
		Release|Any CPU = Release|Any CPU
	EndGlobalSection
	GlobalSection(ProjectConfigurationPlatforms) = postSolution
		{DE39262E-F245-40EC-A055-4DF98C3E3071}.Debug|Any CPU.ActiveCfg = Debug|Any CPU
		{DE39262E-F245-40EC-A055-4DF98C3E3071}.Debug|Any CPU.Build.0 = Debug|Any CPU
		{DE39262E-F245-40EC-A055-4DF98C3E3071}.Release|Any CPU.ActiveCfg = Release|Any CPU
		{DE39262E-F245-40EC-A055-4DF98C3E3071}.Release|Any CPU.Build.0 = Release|Any CPU
	EndGlobalSection
	GlobalSection(SolutionProperties) = preSolution
		HideSolutionNode = FALSE
	EndGlobalSection
	GlobalSection(ExtensibilityGlobals) = postSolution
		SolutionGuid = {15CED00A-6262-48AE-959B-F72A8943E269}
	EndGlobalSection
EndGlobal
